
Microsoft Visual Studio Solution File, Format Version 12.00
# Visual Studio Version 17
VisualStudioVersion = 17.4.33213.308
MinimumVisualStudioVersion = 10.0.40219.1
Project("{9A19103F-16F7-4668-BE54-9A1E7A4F7556}") = "LearningHub.Nhs.WebUI", "LearningHub.Nhs.WebUI\LearningHub.Nhs.WebUI.csproj", "{16BBF937-C1E9-4240-B56E-20E3E5FA2005}"
EndProject
Project("{2150E333-8FDC-42A3-9474-1A3956D46DE8}") = "Solution Items", "Solution Items", "{B5D48B6A-D4A7-494E-89C0-64428232D242}"
	ProjectSection(SolutionItems) = preProject
		Directory.Build.props = Directory.Build.props
		Directory.Packages.props = Directory.Packages.props
		nuget.config = nuget.config
		StyleCop.ruleset = StyleCop.ruleset
	EndProjectSection
EndProject
Project("{2150E333-8FDC-42A3-9474-1A3956D46DE8}") = "WebAPI", "WebAPI", "{A5FB4292-2736-4829-8E53-E5E5EC5A1D49}"
EndProject
Project("{2150E333-8FDC-42A3-9474-1A3956D46DE8}") = "MigrationTool", "MigrationTool", "{94676CCE-A38B-4FAF-905E-CE85CE95845E}"
EndProject
Project("{9A19103F-16F7-4668-BE54-9A1E7A4F7556}") = "LearningHub.Nhs.Api", "WebAPI\LearningHub.Nhs.API\LearningHub.Nhs.Api.csproj", "{21F15E96-314F-4F39-822F-C2568CDC4A5A}"
EndProject
Project("{9A19103F-16F7-4668-BE54-9A1E7A4F7556}") = "LearningHub.Nhs.Api.Shared", "WebAPI\LearningHub.Nhs.Api.Shared\LearningHub.Nhs.Api.Shared.csproj", "{719833B9-EC79-48F2-9123-C4DF111AE9AA}"
EndProject
Project("{9A19103F-16F7-4668-BE54-9A1E7A4F7556}") = "LearningHub.Nhs.Api.UnitTests", "WebAPI\LearningHub.Nhs.Api.UnitTests\LearningHub.Nhs.Api.UnitTests.csproj", "{1374B0F0-F5F4-4E04-9742-F8CE429EEE2C}"
EndProject
Project("{00D1A9C2-B5F0-4AF3-8072-F6C62B433612}") = "LearningHub.Nhs.Database", "WebAPI\LearningHub.Nhs.Database\LearningHub.Nhs.Database.sqlproj", "{BF9E107F-3A4F-45B6-8C1D-E8B661768BE3}"
EndProject
Project("{9A19103F-16F7-4668-BE54-9A1E7A4F7556}") = "LearningHub.Nhs.Repository", "WebAPI\LearningHub.Nhs.Repository\LearningHub.Nhs.Repository.csproj", "{F7F87EC1-6DD5-4A40-9219-9216239C8B88}"
EndProject
Project("{9A19103F-16F7-4668-BE54-9A1E7A4F7556}") = "LearningHub.Nhs.Repository.Interface", "WebAPI\LearningHub.Nhs.Repository.Interface\LearningHub.Nhs.Repository.Interface.csproj", "{ACB8C8D7-F1CB-4C24-9F41-1C78A02E2471}"
EndProject
Project("{9A19103F-16F7-4668-BE54-9A1E7A4F7556}") = "LearningHub.Nhs.Services", "WebAPI\LearningHub.Nhs.Services\LearningHub.Nhs.Services.csproj", "{BCEE3243-4CBF-4090-8BDA-68B0F85906A8}"
EndProject
Project("{9A19103F-16F7-4668-BE54-9A1E7A4F7556}") = "LearningHub.Nhs.Services.Interface", "WebAPI\LearningHub.Nhs.Services.Interface\LearningHub.Nhs.Services.Interface.csproj", "{867BB50C-8D49-4676-A62D-BB3732BD3960}"
EndProject
Project("{9A19103F-16F7-4668-BE54-9A1E7A4F7556}") = "LearningHub.Nhs.Services.UnitTests", "WebAPI\LearningHub.Nhs.Services.UnitTests\LearningHub.Nhs.Services.UnitTests.csproj", "{3D1C4D15-031B-4ACD-BED4-B0F8B9249230}"
EndProject
Project("{9A19103F-16F7-4668-BE54-9A1E7A4F7556}") = "LearningHub.Nhs.Migration", "WebAPI\MigrationTool\LearningHub.Nhs.Migration\LearningHub.Nhs.Migration.csproj", "{D12A6BFE-FD84-421F-B004-BFC5BFB794F9}"
EndProject
Project("{9A19103F-16F7-4668-BE54-9A1E7A4F7556}") = "LearningHub.Nhs.Migration.ConsoleApp", "WebAPI\MigrationTool\LearningHub.Nhs.Migration.ConsoleApp\LearningHub.Nhs.Migration.ConsoleApp.csproj", "{3BF864A0-14C7-4C60-BAD1-C7042BD6BC62}"
EndProject
Project("{9A19103F-16F7-4668-BE54-9A1E7A4F7556}") = "LearningHub.Nhs.Migration.Interface", "WebAPI\MigrationTool\LearningHub.Nhs.Migration.Interface\LearningHub.Nhs.Migration.Interface.csproj", "{9A10AD15-4F89-4CD9-AF82-A5995D28E100}"
EndProject
Project("{9A19103F-16F7-4668-BE54-9A1E7A4F7556}") = "LearningHub.Nhs.Migration.Models", "WebAPI\MigrationTool\LearningHub.Nhs.Migration.Models\LearningHub.Nhs.Migration.Models.csproj", "{F214FE6D-2837-4FFF-A333-D28FA07A729C}"
EndProject
Project("{00D1A9C2-B5F0-4AF3-8072-F6C62B433612}") = "LearningHub.Nhs.Migration.Staging.Database", "WebAPI\MigrationTool\LearningHub.Nhs.Migration.Staging.Database\LearningHub.Nhs.Migration.Staging.Database.sqlproj", "{ADA4EE61-DAC1-4512-8AE3-8C775F54BB14}"
EndProject
Project("{9A19103F-16F7-4668-BE54-9A1E7A4F7556}") = "LearningHub.Nhs.Migration.Staging.Repository", "WebAPI\MigrationTool\LearningHub.Nhs.Migration.Staging.Repository\LearningHub.Nhs.Migration.Staging.Repository.csproj", "{969DA405-3E50-4D34-A03C-64A199290A5E}"
EndProject
Project("{9A19103F-16F7-4668-BE54-9A1E7A4F7556}") = "LearningHub.Nhs.Migration.UnitTests", "WebAPI\MigrationTool\LearningHub.Nhs.Migration.UnitTests\LearningHub.Nhs.Migration.UnitTests.csproj", "{69FA1E9D-9EE3-4835-A64B-A5B8AF364DE3}"
EndProject
Project("{2150E333-8FDC-42A3-9474-1A3956D46DE8}") = "AdminUI", "AdminUI", "{9642BC19-BAE7-45A9-B4F2-8D7529786CDC}"
EndProject
Project("{9A19103F-16F7-4668-BE54-9A1E7A4F7556}") = "LearningHub.Nhs.AdminUI", "AdminUI\LearningHub.Nhs.AdminUI\LearningHub.Nhs.AdminUI.csproj", "{1C97A3C2-73E8-4AFF-92EF-F65B4899FADB}"
EndProject
Project("{2150E333-8FDC-42A3-9474-1A3956D46DE8}") = "OpenAPI", "OpenAPI", "{66ED23A2-F15A-4ECB-A84D-736C95BEFC61}"
EndProject
Project("{9A19103F-16F7-4668-BE54-9A1E7A4F7556}") = "LearningHub.NHS.OpenAPI", "OpenAPI\LearningHub.Nhs.OpenApi\LearningHub.NHS.OpenAPI.csproj", "{D0CD7202-83B7-410B-86A5-01CAF262FAB7}"
EndProject
Project("{9A19103F-16F7-4668-BE54-9A1E7A4F7556}") = "LearningHub.Nhs.OpenApi.Models", "OpenAPI\LearningHub.Nhs.OpenApi.Models\LearningHub.Nhs.OpenApi.Models.csproj", "{B29E83E6-9675-4B16-ACE3-B66CC4F33517}"
EndProject
Project("{9A19103F-16F7-4668-BE54-9A1E7A4F7556}") = "LearningHub.Nhs.OpenApi.Repositories", "OpenAPI\LearningHub.Nhs.OpenApi.Repositories\LearningHub.Nhs.OpenApi.Repositories.csproj", "{D233DFE7-4471-4B94-B887-A8126511EA83}"
EndProject
Project("{9A19103F-16F7-4668-BE54-9A1E7A4F7556}") = "LearningHub.Nhs.OpenApi.Repositories.Interface", "OpenAPI\LearningHub.Nhs.OpenApi.Repositories.Interface\LearningHub.Nhs.OpenApi.Repositories.Interface.csproj", "{629E5AC0-1C60-4C5D-BEA1-5A396C742D69}"
EndProject
Project("{9A19103F-16F7-4668-BE54-9A1E7A4F7556}") = "LearningHub.Nhs.OpenApi.Services", "OpenAPI\LearningHub.Nhs.OpenApi.Services\LearningHub.Nhs.OpenApi.Services.csproj", "{A6AFD5A3-EF94-4548-B4BC-D6DD30AC913E}"
EndProject
Project("{9A19103F-16F7-4668-BE54-9A1E7A4F7556}") = "LearningHub.Nhs.OpenApi.Services.Interface", "OpenAPI\LearningHub.Nhs.OpenApi.Services.Interface\LearningHub.Nhs.OpenApi.Services.Interface.csproj", "{0E4F9CB4-A86F-4D99-A679-26172C6FB3DB}"
EndProject
Project("{9A19103F-16F7-4668-BE54-9A1E7A4F7556}") = "LearningHub.Nhs.OpenApi.Tests", "OpenAPI\LearningHub.Nhs.OpenApi.Tests\LearningHub.Nhs.OpenApi.Tests.csproj", "{9D9C4B3E-D660-4628-8A46-A42B76F27C04}"
EndProject
Project("{2150E333-8FDC-42A3-9474-1A3956D46DE8}") = "ReportAPI", "ReportAPI", "{A4209011-1740-4902-B889-2F2FAF98383F}"
EndProject
Project("{9A19103F-16F7-4668-BE54-9A1E7A4F7556}") = "LearningHub.Nhs.ReportApi", "ReportAPI\LearningHub.Nhs.ReportApi\LearningHub.Nhs.ReportApi.csproj", "{E9370D20-5C3B-4E4C-86B3-08C17E9B6705}"
EndProject
Project("{9A19103F-16F7-4668-BE54-9A1E7A4F7556}") = "LearningHub.Nhs.ReportApi.Services", "ReportAPI\LearningHub.Nhs.ReportApi.Services\LearningHub.Nhs.ReportApi.Services.csproj", "{26C5886B-CB15-4A61-8D84-6045FE67A20E}"
EndProject
Project("{9A19103F-16F7-4668-BE54-9A1E7A4F7556}") = "LearningHub.Nhs.ReportApi.Services.Interface", "ReportAPI\LearningHub.Nhs.ReportApi.Services.Interface\LearningHub.Nhs.ReportApi.Services.Interface.csproj", "{E585A74A-F358-4446-B10E-0FF07B4FF601}"
EndProject
Project("{9A19103F-16F7-4668-BE54-9A1E7A4F7556}") = "LearningHub.Nhs.ReportApi.Services.UnitTests", "ReportAPI\LearningHub.Nhs.ReportApi.Services.UnitTests\LearningHub.Nhs.ReportApi.Services.UnitTests.csproj", "{AAC8306E-1DEB-460D-84C7-40166D189B88}"
EndProject
Project("{9A19103F-16F7-4668-BE54-9A1E7A4F7556}") = "LearningHub.Nhs.ReportApi.Shared", "ReportAPI\LearningHub.Nhs.ReportApi.Shared\LearningHub.Nhs.ReportApi.Shared.csproj", "{6167F037-166C-4C5A-81BE-55618E77D4E8}"
EndProject
Project("{FAE04EC0-301F-11D3-BF4B-00C04F79EFBC}") = "LearningHub.Nhs.WebUI.AutomatedUiTests", "LearningHub.Nhs.WebUI.AutomatedUiTests\LearningHub.Nhs.WebUI.AutomatedUiTests.csproj", "{A84EC50B-2B01-4819-A2B1-BD867B7595CA}"
EndProject
Project("{FAE04EC0-301F-11D3-BF4B-00C04F79EFBC}") = "LearningHub.Nhs.Shared", "LearningHub.Nhs.Shared\LearningHub.Nhs.Shared.csproj", "{9F1B0470-E809-49FE-A6E8-152C7EBD012E}"
EndProject
Project("{FAE04EC0-301F-11D3-BF4B-00C04F79EFBC}") = "LearningHub.Nhs.WebUI.BlazorClient", "LearningHub.Nhs.WebUI.BlazorClient\LearningHub.Nhs.WebUI.BlazorClient.csproj", "{A7DA82FE-A46C-47E9-8BD6-7FD7A8376CBA}"
EndProject
Project("{FAE04EC0-301F-11D3-BF4B-00C04F79EFBC}") = "LearningHub.Nhs.WebUI.Shared", "LearningHub.Nhs.WebUI.Shared\LearningHub.Nhs.WebUI.Shared.csproj", "{22596C8C-EF3A-4046-BB85-012D851D8D16}"
EndProject
Global
	GlobalSection(SolutionConfigurationPlatforms) = preSolution
		Debug|Any CPU = Debug|Any CPU
		Debug|x64 = Debug|x64
		Release|Any CPU = Release|Any CPU
		Release|x64 = Release|x64
	EndGlobalSection
	GlobalSection(ProjectConfigurationPlatforms) = postSolution
		{16BBF937-C1E9-4240-B56E-20E3E5FA2005}.Debug|Any CPU.ActiveCfg = Debug|x64
		{16BBF937-C1E9-4240-B56E-20E3E5FA2005}.Debug|Any CPU.Build.0 = Debug|x64
		{16BBF937-C1E9-4240-B56E-20E3E5FA2005}.Debug|x64.ActiveCfg = Debug|x64
		{16BBF937-C1E9-4240-B56E-20E3E5FA2005}.Debug|x64.Build.0 = Debug|x64
		{16BBF937-C1E9-4240-B56E-20E3E5FA2005}.Release|Any CPU.ActiveCfg = Release|x64
		{16BBF937-C1E9-4240-B56E-20E3E5FA2005}.Release|Any CPU.Build.0 = Release|x64
		{16BBF937-C1E9-4240-B56E-20E3E5FA2005}.Release|x64.ActiveCfg = Release|x64
		{16BBF937-C1E9-4240-B56E-20E3E5FA2005}.Release|x64.Build.0 = Release|x64
		{21F15E96-314F-4F39-822F-C2568CDC4A5A}.Debug|Any CPU.ActiveCfg = Debug|x64
		{21F15E96-314F-4F39-822F-C2568CDC4A5A}.Debug|Any CPU.Build.0 = Debug|x64
		{21F15E96-314F-4F39-822F-C2568CDC4A5A}.Debug|x64.ActiveCfg = Debug|x64
		{21F15E96-314F-4F39-822F-C2568CDC4A5A}.Debug|x64.Build.0 = Debug|x64
		{21F15E96-314F-4F39-822F-C2568CDC4A5A}.Release|Any CPU.ActiveCfg = Release|x64
		{21F15E96-314F-4F39-822F-C2568CDC4A5A}.Release|Any CPU.Build.0 = Release|x64
		{21F15E96-314F-4F39-822F-C2568CDC4A5A}.Release|x64.ActiveCfg = Release|x64
		{21F15E96-314F-4F39-822F-C2568CDC4A5A}.Release|x64.Build.0 = Release|x64
		{719833B9-EC79-48F2-9123-C4DF111AE9AA}.Debug|Any CPU.ActiveCfg = Debug|x64
		{719833B9-EC79-48F2-9123-C4DF111AE9AA}.Debug|Any CPU.Build.0 = Debug|x64
		{719833B9-EC79-48F2-9123-C4DF111AE9AA}.Debug|x64.ActiveCfg = Debug|x64
		{719833B9-EC79-48F2-9123-C4DF111AE9AA}.Debug|x64.Build.0 = Debug|x64
		{719833B9-EC79-48F2-9123-C4DF111AE9AA}.Release|Any CPU.ActiveCfg = Release|x64
		{719833B9-EC79-48F2-9123-C4DF111AE9AA}.Release|Any CPU.Build.0 = Release|x64
		{719833B9-EC79-48F2-9123-C4DF111AE9AA}.Release|x64.ActiveCfg = Release|x64
		{719833B9-EC79-48F2-9123-C4DF111AE9AA}.Release|x64.Build.0 = Release|x64
		{1374B0F0-F5F4-4E04-9742-F8CE429EEE2C}.Debug|Any CPU.ActiveCfg = Debug|x64
		{1374B0F0-F5F4-4E04-9742-F8CE429EEE2C}.Debug|Any CPU.Build.0 = Debug|x64
		{1374B0F0-F5F4-4E04-9742-F8CE429EEE2C}.Debug|x64.ActiveCfg = Debug|x64
		{1374B0F0-F5F4-4E04-9742-F8CE429EEE2C}.Debug|x64.Build.0 = Debug|x64
		{1374B0F0-F5F4-4E04-9742-F8CE429EEE2C}.Release|Any CPU.ActiveCfg = Release|x64
		{1374B0F0-F5F4-4E04-9742-F8CE429EEE2C}.Release|Any CPU.Build.0 = Release|x64
		{1374B0F0-F5F4-4E04-9742-F8CE429EEE2C}.Release|x64.ActiveCfg = Release|x64
		{1374B0F0-F5F4-4E04-9742-F8CE429EEE2C}.Release|x64.Build.0 = Release|x64
		{BF9E107F-3A4F-45B6-8C1D-E8B661768BE3}.Debug|Any CPU.ActiveCfg = Debug|Any CPU
		{BF9E107F-3A4F-45B6-8C1D-E8B661768BE3}.Debug|Any CPU.Build.0 = Debug|Any CPU
		{BF9E107F-3A4F-45B6-8C1D-E8B661768BE3}.Debug|Any CPU.Deploy.0 = Debug|Any CPU
		{BF9E107F-3A4F-45B6-8C1D-E8B661768BE3}.Debug|x64.ActiveCfg = Debug|Any CPU
		{BF9E107F-3A4F-45B6-8C1D-E8B661768BE3}.Debug|x64.Build.0 = Debug|Any CPU
		{BF9E107F-3A4F-45B6-8C1D-E8B661768BE3}.Debug|x64.Deploy.0 = Debug|Any CPU
		{BF9E107F-3A4F-45B6-8C1D-E8B661768BE3}.Release|Any CPU.ActiveCfg = Release|Any CPU
		{BF9E107F-3A4F-45B6-8C1D-E8B661768BE3}.Release|Any CPU.Build.0 = Release|Any CPU
		{BF9E107F-3A4F-45B6-8C1D-E8B661768BE3}.Release|Any CPU.Deploy.0 = Release|Any CPU
		{BF9E107F-3A4F-45B6-8C1D-E8B661768BE3}.Release|x64.ActiveCfg = Release|Any CPU
		{BF9E107F-3A4F-45B6-8C1D-E8B661768BE3}.Release|x64.Build.0 = Release|Any CPU
		{BF9E107F-3A4F-45B6-8C1D-E8B661768BE3}.Release|x64.Deploy.0 = Release|Any CPU
		{F7F87EC1-6DD5-4A40-9219-9216239C8B88}.Debug|Any CPU.ActiveCfg = Debug|x64
		{F7F87EC1-6DD5-4A40-9219-9216239C8B88}.Debug|Any CPU.Build.0 = Debug|x64
		{F7F87EC1-6DD5-4A40-9219-9216239C8B88}.Debug|x64.ActiveCfg = Debug|x64
		{F7F87EC1-6DD5-4A40-9219-9216239C8B88}.Debug|x64.Build.0 = Debug|x64
		{F7F87EC1-6DD5-4A40-9219-9216239C8B88}.Release|Any CPU.ActiveCfg = Release|x64
		{F7F87EC1-6DD5-4A40-9219-9216239C8B88}.Release|Any CPU.Build.0 = Release|x64
		{F7F87EC1-6DD5-4A40-9219-9216239C8B88}.Release|x64.ActiveCfg = Release|x64
		{F7F87EC1-6DD5-4A40-9219-9216239C8B88}.Release|x64.Build.0 = Release|x64
		{ACB8C8D7-F1CB-4C24-9F41-1C78A02E2471}.Debug|Any CPU.ActiveCfg = Debug|x64
		{ACB8C8D7-F1CB-4C24-9F41-1C78A02E2471}.Debug|Any CPU.Build.0 = Debug|x64
		{ACB8C8D7-F1CB-4C24-9F41-1C78A02E2471}.Debug|x64.ActiveCfg = Debug|x64
		{ACB8C8D7-F1CB-4C24-9F41-1C78A02E2471}.Debug|x64.Build.0 = Debug|x64
		{ACB8C8D7-F1CB-4C24-9F41-1C78A02E2471}.Release|Any CPU.ActiveCfg = Release|x64
		{ACB8C8D7-F1CB-4C24-9F41-1C78A02E2471}.Release|Any CPU.Build.0 = Release|x64
		{ACB8C8D7-F1CB-4C24-9F41-1C78A02E2471}.Release|x64.ActiveCfg = Release|x64
		{ACB8C8D7-F1CB-4C24-9F41-1C78A02E2471}.Release|x64.Build.0 = Release|x64
		{BCEE3243-4CBF-4090-8BDA-68B0F85906A8}.Debug|Any CPU.ActiveCfg = Debug|x64
		{BCEE3243-4CBF-4090-8BDA-68B0F85906A8}.Debug|Any CPU.Build.0 = Debug|x64
		{BCEE3243-4CBF-4090-8BDA-68B0F85906A8}.Debug|x64.ActiveCfg = Debug|x64
		{BCEE3243-4CBF-4090-8BDA-68B0F85906A8}.Debug|x64.Build.0 = Debug|x64
		{BCEE3243-4CBF-4090-8BDA-68B0F85906A8}.Release|Any CPU.ActiveCfg = Release|x64
		{BCEE3243-4CBF-4090-8BDA-68B0F85906A8}.Release|Any CPU.Build.0 = Release|x64
		{BCEE3243-4CBF-4090-8BDA-68B0F85906A8}.Release|x64.ActiveCfg = Release|x64
		{BCEE3243-4CBF-4090-8BDA-68B0F85906A8}.Release|x64.Build.0 = Release|x64
		{867BB50C-8D49-4676-A62D-BB3732BD3960}.Debug|Any CPU.ActiveCfg = Debug|x64
		{867BB50C-8D49-4676-A62D-BB3732BD3960}.Debug|Any CPU.Build.0 = Debug|x64
		{867BB50C-8D49-4676-A62D-BB3732BD3960}.Debug|x64.ActiveCfg = Debug|x64
		{867BB50C-8D49-4676-A62D-BB3732BD3960}.Debug|x64.Build.0 = Debug|x64
		{867BB50C-8D49-4676-A62D-BB3732BD3960}.Release|Any CPU.ActiveCfg = Release|x64
		{867BB50C-8D49-4676-A62D-BB3732BD3960}.Release|Any CPU.Build.0 = Release|x64
		{867BB50C-8D49-4676-A62D-BB3732BD3960}.Release|x64.ActiveCfg = Release|x64
		{867BB50C-8D49-4676-A62D-BB3732BD3960}.Release|x64.Build.0 = Release|x64
		{3D1C4D15-031B-4ACD-BED4-B0F8B9249230}.Debug|Any CPU.ActiveCfg = Debug|x64
		{3D1C4D15-031B-4ACD-BED4-B0F8B9249230}.Debug|Any CPU.Build.0 = Debug|x64
		{3D1C4D15-031B-4ACD-BED4-B0F8B9249230}.Debug|x64.ActiveCfg = Debug|x64
		{3D1C4D15-031B-4ACD-BED4-B0F8B9249230}.Debug|x64.Build.0 = Debug|x64
		{3D1C4D15-031B-4ACD-BED4-B0F8B9249230}.Release|Any CPU.ActiveCfg = Release|x64
		{3D1C4D15-031B-4ACD-BED4-B0F8B9249230}.Release|Any CPU.Build.0 = Release|x64
		{3D1C4D15-031B-4ACD-BED4-B0F8B9249230}.Release|x64.ActiveCfg = Release|x64
		{3D1C4D15-031B-4ACD-BED4-B0F8B9249230}.Release|x64.Build.0 = Release|x64
		{D12A6BFE-FD84-421F-B004-BFC5BFB794F9}.Debug|Any CPU.ActiveCfg = Debug|x64
		{D12A6BFE-FD84-421F-B004-BFC5BFB794F9}.Debug|Any CPU.Build.0 = Debug|x64
		{D12A6BFE-FD84-421F-B004-BFC5BFB794F9}.Debug|x64.ActiveCfg = Debug|x64
		{D12A6BFE-FD84-421F-B004-BFC5BFB794F9}.Debug|x64.Build.0 = Debug|x64
		{D12A6BFE-FD84-421F-B004-BFC5BFB794F9}.Release|Any CPU.ActiveCfg = Release|x64
		{D12A6BFE-FD84-421F-B004-BFC5BFB794F9}.Release|Any CPU.Build.0 = Release|x64
		{D12A6BFE-FD84-421F-B004-BFC5BFB794F9}.Release|x64.ActiveCfg = Release|x64
		{D12A6BFE-FD84-421F-B004-BFC5BFB794F9}.Release|x64.Build.0 = Release|x64
		{3BF864A0-14C7-4C60-BAD1-C7042BD6BC62}.Debug|Any CPU.ActiveCfg = Debug|x64
		{3BF864A0-14C7-4C60-BAD1-C7042BD6BC62}.Debug|Any CPU.Build.0 = Debug|x64
		{3BF864A0-14C7-4C60-BAD1-C7042BD6BC62}.Debug|x64.ActiveCfg = Debug|x64
		{3BF864A0-14C7-4C60-BAD1-C7042BD6BC62}.Debug|x64.Build.0 = Debug|x64
		{3BF864A0-14C7-4C60-BAD1-C7042BD6BC62}.Release|Any CPU.ActiveCfg = Release|x64
		{3BF864A0-14C7-4C60-BAD1-C7042BD6BC62}.Release|Any CPU.Build.0 = Release|x64
		{3BF864A0-14C7-4C60-BAD1-C7042BD6BC62}.Release|x64.ActiveCfg = Release|x64
		{3BF864A0-14C7-4C60-BAD1-C7042BD6BC62}.Release|x64.Build.0 = Release|x64
		{9A10AD15-4F89-4CD9-AF82-A5995D28E100}.Debug|Any CPU.ActiveCfg = Debug|x64
		{9A10AD15-4F89-4CD9-AF82-A5995D28E100}.Debug|Any CPU.Build.0 = Debug|x64
		{9A10AD15-4F89-4CD9-AF82-A5995D28E100}.Debug|x64.ActiveCfg = Debug|x64
		{9A10AD15-4F89-4CD9-AF82-A5995D28E100}.Debug|x64.Build.0 = Debug|x64
		{9A10AD15-4F89-4CD9-AF82-A5995D28E100}.Release|Any CPU.ActiveCfg = Release|x64
		{9A10AD15-4F89-4CD9-AF82-A5995D28E100}.Release|Any CPU.Build.0 = Release|x64
		{9A10AD15-4F89-4CD9-AF82-A5995D28E100}.Release|x64.ActiveCfg = Release|x64
		{9A10AD15-4F89-4CD9-AF82-A5995D28E100}.Release|x64.Build.0 = Release|x64
		{F214FE6D-2837-4FFF-A333-D28FA07A729C}.Debug|Any CPU.ActiveCfg = Debug|x64
		{F214FE6D-2837-4FFF-A333-D28FA07A729C}.Debug|Any CPU.Build.0 = Debug|x64
		{F214FE6D-2837-4FFF-A333-D28FA07A729C}.Debug|x64.ActiveCfg = Debug|x64
		{F214FE6D-2837-4FFF-A333-D28FA07A729C}.Debug|x64.Build.0 = Debug|x64
		{F214FE6D-2837-4FFF-A333-D28FA07A729C}.Release|Any CPU.ActiveCfg = Release|x64
		{F214FE6D-2837-4FFF-A333-D28FA07A729C}.Release|Any CPU.Build.0 = Release|x64
		{F214FE6D-2837-4FFF-A333-D28FA07A729C}.Release|x64.ActiveCfg = Release|x64
		{F214FE6D-2837-4FFF-A333-D28FA07A729C}.Release|x64.Build.0 = Release|x64
		{ADA4EE61-DAC1-4512-8AE3-8C775F54BB14}.Debug|Any CPU.ActiveCfg = Debug|Any CPU
		{ADA4EE61-DAC1-4512-8AE3-8C775F54BB14}.Debug|Any CPU.Build.0 = Debug|Any CPU
		{ADA4EE61-DAC1-4512-8AE3-8C775F54BB14}.Debug|Any CPU.Deploy.0 = Debug|Any CPU
		{ADA4EE61-DAC1-4512-8AE3-8C775F54BB14}.Debug|x64.ActiveCfg = Debug|Any CPU
		{ADA4EE61-DAC1-4512-8AE3-8C775F54BB14}.Debug|x64.Build.0 = Debug|Any CPU
		{ADA4EE61-DAC1-4512-8AE3-8C775F54BB14}.Debug|x64.Deploy.0 = Debug|Any CPU
		{ADA4EE61-DAC1-4512-8AE3-8C775F54BB14}.Release|Any CPU.ActiveCfg = Release|Any CPU
		{ADA4EE61-DAC1-4512-8AE3-8C775F54BB14}.Release|Any CPU.Build.0 = Release|Any CPU
		{ADA4EE61-DAC1-4512-8AE3-8C775F54BB14}.Release|Any CPU.Deploy.0 = Release|Any CPU
		{ADA4EE61-DAC1-4512-8AE3-8C775F54BB14}.Release|x64.ActiveCfg = Release|Any CPU
		{ADA4EE61-DAC1-4512-8AE3-8C775F54BB14}.Release|x64.Build.0 = Release|Any CPU
		{ADA4EE61-DAC1-4512-8AE3-8C775F54BB14}.Release|x64.Deploy.0 = Release|Any CPU
		{969DA405-3E50-4D34-A03C-64A199290A5E}.Debug|Any CPU.ActiveCfg = Debug|x64
		{969DA405-3E50-4D34-A03C-64A199290A5E}.Debug|Any CPU.Build.0 = Debug|x64
		{969DA405-3E50-4D34-A03C-64A199290A5E}.Debug|x64.ActiveCfg = Debug|x64
		{969DA405-3E50-4D34-A03C-64A199290A5E}.Debug|x64.Build.0 = Debug|x64
		{969DA405-3E50-4D34-A03C-64A199290A5E}.Release|Any CPU.ActiveCfg = Release|x64
		{969DA405-3E50-4D34-A03C-64A199290A5E}.Release|Any CPU.Build.0 = Release|x64
		{969DA405-3E50-4D34-A03C-64A199290A5E}.Release|x64.ActiveCfg = Release|x64
		{969DA405-3E50-4D34-A03C-64A199290A5E}.Release|x64.Build.0 = Release|x64
		{69FA1E9D-9EE3-4835-A64B-A5B8AF364DE3}.Debug|Any CPU.ActiveCfg = Debug|x64
		{69FA1E9D-9EE3-4835-A64B-A5B8AF364DE3}.Debug|Any CPU.Build.0 = Debug|x64
		{69FA1E9D-9EE3-4835-A64B-A5B8AF364DE3}.Debug|x64.ActiveCfg = Debug|x64
		{69FA1E9D-9EE3-4835-A64B-A5B8AF364DE3}.Debug|x64.Build.0 = Debug|x64
		{69FA1E9D-9EE3-4835-A64B-A5B8AF364DE3}.Release|Any CPU.ActiveCfg = Release|x64
		{69FA1E9D-9EE3-4835-A64B-A5B8AF364DE3}.Release|Any CPU.Build.0 = Release|x64
		{69FA1E9D-9EE3-4835-A64B-A5B8AF364DE3}.Release|x64.ActiveCfg = Release|x64
		{69FA1E9D-9EE3-4835-A64B-A5B8AF364DE3}.Release|x64.Build.0 = Release|x64
		{1C97A3C2-73E8-4AFF-92EF-F65B4899FADB}.Debug|Any CPU.ActiveCfg = Debug|x64
		{1C97A3C2-73E8-4AFF-92EF-F65B4899FADB}.Debug|Any CPU.Build.0 = Debug|x64
		{1C97A3C2-73E8-4AFF-92EF-F65B4899FADB}.Debug|x64.ActiveCfg = Debug|x64
		{1C97A3C2-73E8-4AFF-92EF-F65B4899FADB}.Debug|x64.Build.0 = Debug|x64
		{1C97A3C2-73E8-4AFF-92EF-F65B4899FADB}.Release|Any CPU.ActiveCfg = Release|x64
		{1C97A3C2-73E8-4AFF-92EF-F65B4899FADB}.Release|Any CPU.Build.0 = Release|x64
		{1C97A3C2-73E8-4AFF-92EF-F65B4899FADB}.Release|x64.ActiveCfg = Release|x64
		{1C97A3C2-73E8-4AFF-92EF-F65B4899FADB}.Release|x64.Build.0 = Release|x64
		{D0CD7202-83B7-410B-86A5-01CAF262FAB7}.Debug|Any CPU.ActiveCfg = Debug|x64
		{D0CD7202-83B7-410B-86A5-01CAF262FAB7}.Debug|Any CPU.Build.0 = Debug|x64
		{D0CD7202-83B7-410B-86A5-01CAF262FAB7}.Debug|x64.ActiveCfg = Debug|x64
		{D0CD7202-83B7-410B-86A5-01CAF262FAB7}.Debug|x64.Build.0 = Debug|x64
		{D0CD7202-83B7-410B-86A5-01CAF262FAB7}.Release|Any CPU.ActiveCfg = Release|x64
		{D0CD7202-83B7-410B-86A5-01CAF262FAB7}.Release|Any CPU.Build.0 = Release|x64
		{D0CD7202-83B7-410B-86A5-01CAF262FAB7}.Release|x64.ActiveCfg = Release|x64
		{D0CD7202-83B7-410B-86A5-01CAF262FAB7}.Release|x64.Build.0 = Release|x64
		{B29E83E6-9675-4B16-ACE3-B66CC4F33517}.Debug|Any CPU.ActiveCfg = Debug|x64
		{B29E83E6-9675-4B16-ACE3-B66CC4F33517}.Debug|Any CPU.Build.0 = Debug|x64
		{B29E83E6-9675-4B16-ACE3-B66CC4F33517}.Debug|x64.ActiveCfg = Debug|x64
		{B29E83E6-9675-4B16-ACE3-B66CC4F33517}.Debug|x64.Build.0 = Debug|x64
		{B29E83E6-9675-4B16-ACE3-B66CC4F33517}.Release|Any CPU.ActiveCfg = Release|x64
		{B29E83E6-9675-4B16-ACE3-B66CC4F33517}.Release|Any CPU.Build.0 = Release|x64
		{B29E83E6-9675-4B16-ACE3-B66CC4F33517}.Release|x64.ActiveCfg = Release|x64
		{B29E83E6-9675-4B16-ACE3-B66CC4F33517}.Release|x64.Build.0 = Release|x64
		{D233DFE7-4471-4B94-B887-A8126511EA83}.Debug|Any CPU.ActiveCfg = Debug|x64
		{D233DFE7-4471-4B94-B887-A8126511EA83}.Debug|Any CPU.Build.0 = Debug|x64
		{D233DFE7-4471-4B94-B887-A8126511EA83}.Debug|x64.ActiveCfg = Debug|x64
		{D233DFE7-4471-4B94-B887-A8126511EA83}.Debug|x64.Build.0 = Debug|x64
		{D233DFE7-4471-4B94-B887-A8126511EA83}.Release|Any CPU.ActiveCfg = Release|x64
		{D233DFE7-4471-4B94-B887-A8126511EA83}.Release|Any CPU.Build.0 = Release|x64
		{D233DFE7-4471-4B94-B887-A8126511EA83}.Release|x64.ActiveCfg = Release|x64
		{D233DFE7-4471-4B94-B887-A8126511EA83}.Release|x64.Build.0 = Release|x64
		{629E5AC0-1C60-4C5D-BEA1-5A396C742D69}.Debug|Any CPU.ActiveCfg = Debug|x64
		{629E5AC0-1C60-4C5D-BEA1-5A396C742D69}.Debug|Any CPU.Build.0 = Debug|x64
		{629E5AC0-1C60-4C5D-BEA1-5A396C742D69}.Debug|x64.ActiveCfg = Debug|x64
		{629E5AC0-1C60-4C5D-BEA1-5A396C742D69}.Debug|x64.Build.0 = Debug|x64
		{629E5AC0-1C60-4C5D-BEA1-5A396C742D69}.Release|Any CPU.ActiveCfg = Release|x64
		{629E5AC0-1C60-4C5D-BEA1-5A396C742D69}.Release|Any CPU.Build.0 = Release|x64
		{629E5AC0-1C60-4C5D-BEA1-5A396C742D69}.Release|x64.ActiveCfg = Release|x64
		{629E5AC0-1C60-4C5D-BEA1-5A396C742D69}.Release|x64.Build.0 = Release|x64
		{A6AFD5A3-EF94-4548-B4BC-D6DD30AC913E}.Debug|Any CPU.ActiveCfg = Debug|x64
		{A6AFD5A3-EF94-4548-B4BC-D6DD30AC913E}.Debug|Any CPU.Build.0 = Debug|x64
		{A6AFD5A3-EF94-4548-B4BC-D6DD30AC913E}.Debug|x64.ActiveCfg = Debug|x64
		{A6AFD5A3-EF94-4548-B4BC-D6DD30AC913E}.Debug|x64.Build.0 = Debug|x64
		{A6AFD5A3-EF94-4548-B4BC-D6DD30AC913E}.Release|Any CPU.ActiveCfg = Release|x64
		{A6AFD5A3-EF94-4548-B4BC-D6DD30AC913E}.Release|Any CPU.Build.0 = Release|x64
		{A6AFD5A3-EF94-4548-B4BC-D6DD30AC913E}.Release|x64.ActiveCfg = Release|x64
		{A6AFD5A3-EF94-4548-B4BC-D6DD30AC913E}.Release|x64.Build.0 = Release|x64
		{0E4F9CB4-A86F-4D99-A679-26172C6FB3DB}.Debug|Any CPU.ActiveCfg = Debug|x64
		{0E4F9CB4-A86F-4D99-A679-26172C6FB3DB}.Debug|Any CPU.Build.0 = Debug|x64
		{0E4F9CB4-A86F-4D99-A679-26172C6FB3DB}.Debug|x64.ActiveCfg = Debug|x64
		{0E4F9CB4-A86F-4D99-A679-26172C6FB3DB}.Debug|x64.Build.0 = Debug|x64
		{0E4F9CB4-A86F-4D99-A679-26172C6FB3DB}.Release|Any CPU.ActiveCfg = Release|x64
		{0E4F9CB4-A86F-4D99-A679-26172C6FB3DB}.Release|Any CPU.Build.0 = Release|x64
		{0E4F9CB4-A86F-4D99-A679-26172C6FB3DB}.Release|x64.ActiveCfg = Release|x64
		{0E4F9CB4-A86F-4D99-A679-26172C6FB3DB}.Release|x64.Build.0 = Release|x64
		{9D9C4B3E-D660-4628-8A46-A42B76F27C04}.Debug|Any CPU.ActiveCfg = Debug|x64
		{9D9C4B3E-D660-4628-8A46-A42B76F27C04}.Debug|Any CPU.Build.0 = Debug|x64
		{9D9C4B3E-D660-4628-8A46-A42B76F27C04}.Debug|x64.ActiveCfg = Debug|x64
		{9D9C4B3E-D660-4628-8A46-A42B76F27C04}.Debug|x64.Build.0 = Debug|x64
		{9D9C4B3E-D660-4628-8A46-A42B76F27C04}.Release|Any CPU.ActiveCfg = Release|x64
		{9D9C4B3E-D660-4628-8A46-A42B76F27C04}.Release|Any CPU.Build.0 = Release|x64
		{9D9C4B3E-D660-4628-8A46-A42B76F27C04}.Release|x64.ActiveCfg = Release|x64
		{9D9C4B3E-D660-4628-8A46-A42B76F27C04}.Release|x64.Build.0 = Release|x64
		{E9370D20-5C3B-4E4C-86B3-08C17E9B6705}.Debug|Any CPU.ActiveCfg = Debug|Any CPU
		{E9370D20-5C3B-4E4C-86B3-08C17E9B6705}.Debug|Any CPU.Build.0 = Debug|Any CPU
		{E9370D20-5C3B-4E4C-86B3-08C17E9B6705}.Debug|x64.ActiveCfg = Debug|Any CPU
		{E9370D20-5C3B-4E4C-86B3-08C17E9B6705}.Debug|x64.Build.0 = Debug|Any CPU
		{E9370D20-5C3B-4E4C-86B3-08C17E9B6705}.Release|Any CPU.ActiveCfg = Release|Any CPU
		{E9370D20-5C3B-4E4C-86B3-08C17E9B6705}.Release|Any CPU.Build.0 = Release|Any CPU
		{E9370D20-5C3B-4E4C-86B3-08C17E9B6705}.Release|x64.ActiveCfg = Release|Any CPU
		{E9370D20-5C3B-4E4C-86B3-08C17E9B6705}.Release|x64.Build.0 = Release|Any CPU
		{26C5886B-CB15-4A61-8D84-6045FE67A20E}.Debug|Any CPU.ActiveCfg = Debug|Any CPU
		{26C5886B-CB15-4A61-8D84-6045FE67A20E}.Debug|Any CPU.Build.0 = Debug|Any CPU
		{26C5886B-CB15-4A61-8D84-6045FE67A20E}.Debug|x64.ActiveCfg = Debug|Any CPU
		{26C5886B-CB15-4A61-8D84-6045FE67A20E}.Debug|x64.Build.0 = Debug|Any CPU
		{26C5886B-CB15-4A61-8D84-6045FE67A20E}.Release|Any CPU.ActiveCfg = Release|Any CPU
		{26C5886B-CB15-4A61-8D84-6045FE67A20E}.Release|Any CPU.Build.0 = Release|Any CPU
		{26C5886B-CB15-4A61-8D84-6045FE67A20E}.Release|x64.ActiveCfg = Release|Any CPU
		{26C5886B-CB15-4A61-8D84-6045FE67A20E}.Release|x64.Build.0 = Release|Any CPU
		{E585A74A-F358-4446-B10E-0FF07B4FF601}.Debug|Any CPU.ActiveCfg = Debug|Any CPU
		{E585A74A-F358-4446-B10E-0FF07B4FF601}.Debug|Any CPU.Build.0 = Debug|Any CPU
		{E585A74A-F358-4446-B10E-0FF07B4FF601}.Debug|x64.ActiveCfg = Debug|Any CPU
		{E585A74A-F358-4446-B10E-0FF07B4FF601}.Debug|x64.Build.0 = Debug|Any CPU
		{E585A74A-F358-4446-B10E-0FF07B4FF601}.Release|Any CPU.ActiveCfg = Release|Any CPU
		{E585A74A-F358-4446-B10E-0FF07B4FF601}.Release|Any CPU.Build.0 = Release|Any CPU
		{E585A74A-F358-4446-B10E-0FF07B4FF601}.Release|x64.ActiveCfg = Release|Any CPU
		{E585A74A-F358-4446-B10E-0FF07B4FF601}.Release|x64.Build.0 = Release|Any CPU
		{AAC8306E-1DEB-460D-84C7-40166D189B88}.Debug|Any CPU.ActiveCfg = Debug|Any CPU
		{AAC8306E-1DEB-460D-84C7-40166D189B88}.Debug|Any CPU.Build.0 = Debug|Any CPU
		{AAC8306E-1DEB-460D-84C7-40166D189B88}.Debug|x64.ActiveCfg = Debug|Any CPU
		{AAC8306E-1DEB-460D-84C7-40166D189B88}.Debug|x64.Build.0 = Debug|Any CPU
		{AAC8306E-1DEB-460D-84C7-40166D189B88}.Release|Any CPU.ActiveCfg = Release|Any CPU
		{AAC8306E-1DEB-460D-84C7-40166D189B88}.Release|Any CPU.Build.0 = Release|Any CPU
		{AAC8306E-1DEB-460D-84C7-40166D189B88}.Release|x64.ActiveCfg = Release|Any CPU
		{AAC8306E-1DEB-460D-84C7-40166D189B88}.Release|x64.Build.0 = Release|Any CPU
		{6167F037-166C-4C5A-81BE-55618E77D4E8}.Debug|Any CPU.ActiveCfg = Debug|Any CPU
		{6167F037-166C-4C5A-81BE-55618E77D4E8}.Debug|Any CPU.Build.0 = Debug|Any CPU
		{6167F037-166C-4C5A-81BE-55618E77D4E8}.Debug|x64.ActiveCfg = Debug|Any CPU
		{6167F037-166C-4C5A-81BE-55618E77D4E8}.Debug|x64.Build.0 = Debug|Any CPU
		{6167F037-166C-4C5A-81BE-55618E77D4E8}.Release|Any CPU.ActiveCfg = Release|Any CPU
		{6167F037-166C-4C5A-81BE-55618E77D4E8}.Release|Any CPU.Build.0 = Release|Any CPU
		{6167F037-166C-4C5A-81BE-55618E77D4E8}.Release|x64.ActiveCfg = Release|Any CPU
		{6167F037-166C-4C5A-81BE-55618E77D4E8}.Release|x64.Build.0 = Release|Any CPU
		{A84EC50B-2B01-4819-A2B1-BD867B7595CA}.Debug|Any CPU.ActiveCfg = Debug|Any CPU
		{A84EC50B-2B01-4819-A2B1-BD867B7595CA}.Debug|Any CPU.Build.0 = Debug|Any CPU
		{A84EC50B-2B01-4819-A2B1-BD867B7595CA}.Debug|x64.ActiveCfg = Debug|Any CPU
		{A84EC50B-2B01-4819-A2B1-BD867B7595CA}.Debug|x64.Build.0 = Debug|Any CPU
		{A84EC50B-2B01-4819-A2B1-BD867B7595CA}.Release|Any CPU.ActiveCfg = Release|Any CPU
		{A84EC50B-2B01-4819-A2B1-BD867B7595CA}.Release|Any CPU.Build.0 = Release|Any CPU
		{A84EC50B-2B01-4819-A2B1-BD867B7595CA}.Release|x64.ActiveCfg = Release|Any CPU
		{A84EC50B-2B01-4819-A2B1-BD867B7595CA}.Release|x64.Build.0 = Release|Any CPU
		{9F1B0470-E809-49FE-A6E8-152C7EBD012E}.Debug|Any CPU.ActiveCfg = Debug|Any CPU
		{9F1B0470-E809-49FE-A6E8-152C7EBD012E}.Debug|Any CPU.Build.0 = Debug|Any CPU
		{9F1B0470-E809-49FE-A6E8-152C7EBD012E}.Debug|x64.ActiveCfg = Debug|Any CPU
		{9F1B0470-E809-49FE-A6E8-152C7EBD012E}.Debug|x64.Build.0 = Debug|Any CPU
		{9F1B0470-E809-49FE-A6E8-152C7EBD012E}.Release|Any CPU.ActiveCfg = Release|Any CPU
		{9F1B0470-E809-49FE-A6E8-152C7EBD012E}.Release|Any CPU.Build.0 = Release|Any CPU
		{9F1B0470-E809-49FE-A6E8-152C7EBD012E}.Release|x64.ActiveCfg = Release|Any CPU
		{9F1B0470-E809-49FE-A6E8-152C7EBD012E}.Release|x64.Build.0 = Release|Any CPU
		{A7DA82FE-A46C-47E9-8BD6-7FD7A8376CBA}.Debug|Any CPU.ActiveCfg = Debug|Any CPU
		{A7DA82FE-A46C-47E9-8BD6-7FD7A8376CBA}.Debug|Any CPU.Build.0 = Debug|Any CPU
		{A7DA82FE-A46C-47E9-8BD6-7FD7A8376CBA}.Debug|x64.ActiveCfg = Debug|Any CPU
		{A7DA82FE-A46C-47E9-8BD6-7FD7A8376CBA}.Debug|x64.Build.0 = Debug|Any CPU
		{A7DA82FE-A46C-47E9-8BD6-7FD7A8376CBA}.Release|Any CPU.ActiveCfg = Release|Any CPU
		{A7DA82FE-A46C-47E9-8BD6-7FD7A8376CBA}.Release|Any CPU.Build.0 = Release|Any CPU
		{A7DA82FE-A46C-47E9-8BD6-7FD7A8376CBA}.Release|x64.ActiveCfg = Release|Any CPU
		{A7DA82FE-A46C-47E9-8BD6-7FD7A8376CBA}.Release|x64.Build.0 = Release|Any CPU
		{22596C8C-EF3A-4046-BB85-012D851D8D16}.Debug|Any CPU.ActiveCfg = Debug|Any CPU
		{22596C8C-EF3A-4046-BB85-012D851D8D16}.Debug|Any CPU.Build.0 = Debug|Any CPU
		{22596C8C-EF3A-4046-BB85-012D851D8D16}.Debug|x64.ActiveCfg = Debug|Any CPU
		{22596C8C-EF3A-4046-BB85-012D851D8D16}.Debug|x64.Build.0 = Debug|Any CPU
		{22596C8C-EF3A-4046-BB85-012D851D8D16}.Release|Any CPU.ActiveCfg = Release|Any CPU
		{22596C8C-EF3A-4046-BB85-012D851D8D16}.Release|Any CPU.Build.0 = Release|Any CPU
		{22596C8C-EF3A-4046-BB85-012D851D8D16}.Release|x64.ActiveCfg = Release|Any CPU
		{22596C8C-EF3A-4046-BB85-012D851D8D16}.Release|x64.Build.0 = Release|Any CPU
	EndGlobalSection
	GlobalSection(SolutionProperties) = preSolution
		HideSolutionNode = FALSE
	EndGlobalSection
	GlobalSection(NestedProjects) = preSolution
		{94676CCE-A38B-4FAF-905E-CE85CE95845E} = {A5FB4292-2736-4829-8E53-E5E5EC5A1D49}
		{21F15E96-314F-4F39-822F-C2568CDC4A5A} = {A5FB4292-2736-4829-8E53-E5E5EC5A1D49}
		{719833B9-EC79-48F2-9123-C4DF111AE9AA} = {A5FB4292-2736-4829-8E53-E5E5EC5A1D49}
		{1374B0F0-F5F4-4E04-9742-F8CE429EEE2C} = {A5FB4292-2736-4829-8E53-E5E5EC5A1D49}
		{BF9E107F-3A4F-45B6-8C1D-E8B661768BE3} = {A5FB4292-2736-4829-8E53-E5E5EC5A1D49}
		{F7F87EC1-6DD5-4A40-9219-9216239C8B88} = {A5FB4292-2736-4829-8E53-E5E5EC5A1D49}
		{ACB8C8D7-F1CB-4C24-9F41-1C78A02E2471} = {A5FB4292-2736-4829-8E53-E5E5EC5A1D49}
		{BCEE3243-4CBF-4090-8BDA-68B0F85906A8} = {A5FB4292-2736-4829-8E53-E5E5EC5A1D49}
		{867BB50C-8D49-4676-A62D-BB3732BD3960} = {A5FB4292-2736-4829-8E53-E5E5EC5A1D49}
		{3D1C4D15-031B-4ACD-BED4-B0F8B9249230} = {A5FB4292-2736-4829-8E53-E5E5EC5A1D49}
		{D12A6BFE-FD84-421F-B004-BFC5BFB794F9} = {94676CCE-A38B-4FAF-905E-CE85CE95845E}
		{3BF864A0-14C7-4C60-BAD1-C7042BD6BC62} = {94676CCE-A38B-4FAF-905E-CE85CE95845E}
		{9A10AD15-4F89-4CD9-AF82-A5995D28E100} = {94676CCE-A38B-4FAF-905E-CE85CE95845E}
		{F214FE6D-2837-4FFF-A333-D28FA07A729C} = {94676CCE-A38B-4FAF-905E-CE85CE95845E}
		{ADA4EE61-DAC1-4512-8AE3-8C775F54BB14} = {94676CCE-A38B-4FAF-905E-CE85CE95845E}
		{969DA405-3E50-4D34-A03C-64A199290A5E} = {94676CCE-A38B-4FAF-905E-CE85CE95845E}
		{69FA1E9D-9EE3-4835-A64B-A5B8AF364DE3} = {94676CCE-A38B-4FAF-905E-CE85CE95845E}
		{1C97A3C2-73E8-4AFF-92EF-F65B4899FADB} = {9642BC19-BAE7-45A9-B4F2-8D7529786CDC}
		{D0CD7202-83B7-410B-86A5-01CAF262FAB7} = {66ED23A2-F15A-4ECB-A84D-736C95BEFC61}
		{B29E83E6-9675-4B16-ACE3-B66CC4F33517} = {66ED23A2-F15A-4ECB-A84D-736C95BEFC61}
		{D233DFE7-4471-4B94-B887-A8126511EA83} = {66ED23A2-F15A-4ECB-A84D-736C95BEFC61}
		{629E5AC0-1C60-4C5D-BEA1-5A396C742D69} = {66ED23A2-F15A-4ECB-A84D-736C95BEFC61}
		{A6AFD5A3-EF94-4548-B4BC-D6DD30AC913E} = {66ED23A2-F15A-4ECB-A84D-736C95BEFC61}
		{0E4F9CB4-A86F-4D99-A679-26172C6FB3DB} = {66ED23A2-F15A-4ECB-A84D-736C95BEFC61}
		{9D9C4B3E-D660-4628-8A46-A42B76F27C04} = {66ED23A2-F15A-4ECB-A84D-736C95BEFC61}
		{E9370D20-5C3B-4E4C-86B3-08C17E9B6705} = {A4209011-1740-4902-B889-2F2FAF98383F}
		{26C5886B-CB15-4A61-8D84-6045FE67A20E} = {A4209011-1740-4902-B889-2F2FAF98383F}
		{E585A74A-F358-4446-B10E-0FF07B4FF601} = {A4209011-1740-4902-B889-2F2FAF98383F}
		{AAC8306E-1DEB-460D-84C7-40166D189B88} = {A4209011-1740-4902-B889-2F2FAF98383F}
		{6167F037-166C-4C5A-81BE-55618E77D4E8} = {A4209011-1740-4902-B889-2F2FAF98383F}
	EndGlobalSection
	GlobalSection(ExtensibilityGlobals) = postSolution
		SolutionGuid = {1ECA38C8-7C69-4DE6-8293-852C603F4217}
	EndGlobalSection
EndGlobal
