
Microsoft Visual Studio Solution File, Format Version 12.00
# Visual Studio Version 17
VisualStudioVersion = 17.4.33213.308
MinimumVisualStudioVersion = 10.0.40219.1
Project("{9A19103F-16F7-4668-BE54-9A1E7A4F7556}") = "LearningHub.Nhs.WebUI", "LearningHub.Nhs.WebUI\LearningHub.Nhs.WebUI.csproj", "{16BBF937-C1E9-4240-B56E-20E3E5FA2005}"
EndProject
Project("{2150E333-8FDC-42A3-9474-1A3956D46DE8}") = "Solution Items", "Solution Items", "{B5D48B6A-D4A7-494E-89C0-64428232D242}"
	ProjectSection(SolutionItems) = preProject
		Directory.Build.props = Directory.Build.props
		StyleCop.ruleset = StyleCop.ruleset
	EndProjectSection
EndProject
Project("{2150E333-8FDC-42A3-9474-1A3956D46DE8}") = "WebAPI", "WebAPI", "{A5FB4292-2736-4829-8E53-E5E5EC5A1D49}"
EndProject
Project("{2150E333-8FDC-42A3-9474-1A3956D46DE8}") = "MigrationTool", "MigrationTool", "{94676CCE-A38B-4FAF-905E-CE85CE95845E}"
EndProject
Project("{9A19103F-16F7-4668-BE54-9A1E7A4F7556}") = "LearningHub.Nhs.Api", "WebAPI\LearningHub.Nhs.API\LearningHub.Nhs.Api.csproj", "{21F15E96-314F-4F39-822F-C2568CDC4A5A}"
EndProject
Project("{9A19103F-16F7-4668-BE54-9A1E7A4F7556}") = "LearningHub.Nhs.Api.Shared", "WebAPI\LearningHub.Nhs.Api.Shared\LearningHub.Nhs.Api.Shared.csproj", "{719833B9-EC79-48F2-9123-C4DF111AE9AA}"
EndProject
Project("{9A19103F-16F7-4668-BE54-9A1E7A4F7556}") = "LearningHub.Nhs.Api.UnitTests", "WebAPI\LearningHub.Nhs.Api.UnitTests\LearningHub.Nhs.Api.UnitTests.csproj", "{1374B0F0-F5F4-4E04-9742-F8CE429EEE2C}"
EndProject
Project("{00D1A9C2-B5F0-4AF3-8072-F6C62B433612}") = "LearningHub.Nhs.Database", "WebAPI\LearningHub.Nhs.Database\LearningHub.Nhs.Database.sqlproj", "{BF9E107F-3A4F-45B6-8C1D-E8B661768BE3}"
EndProject
Project("{9A19103F-16F7-4668-BE54-9A1E7A4F7556}") = "LearningHub.Nhs.Repository", "WebAPI\LearningHub.Nhs.Repository\LearningHub.Nhs.Repository.csproj", "{F7F87EC1-6DD5-4A40-9219-9216239C8B88}"
EndProject
Project("{9A19103F-16F7-4668-BE54-9A1E7A4F7556}") = "LearningHub.Nhs.Repository.Interface", "WebAPI\LearningHub.Nhs.Repository.Interface\LearningHub.Nhs.Repository.Interface.csproj", "{ACB8C8D7-F1CB-4C24-9F41-1C78A02E2471}"
EndProject
Project("{9A19103F-16F7-4668-BE54-9A1E7A4F7556}") = "LearningHub.Nhs.Services", "WebAPI\LearningHub.Nhs.Services\LearningHub.Nhs.Services.csproj", "{BCEE3243-4CBF-4090-8BDA-68B0F85906A8}"
EndProject
Project("{9A19103F-16F7-4668-BE54-9A1E7A4F7556}") = "LearningHub.Nhs.Services.Interface", "WebAPI\LearningHub.Nhs.Services.Interface\LearningHub.Nhs.Services.Interface.csproj", "{867BB50C-8D49-4676-A62D-BB3732BD3960}"
EndProject
Project("{9A19103F-16F7-4668-BE54-9A1E7A4F7556}") = "LearningHub.Nhs.Services.UnitTests", "WebAPI\LearningHub.Nhs.Services.UnitTests\LearningHub.Nhs.Services.UnitTests.csproj", "{3D1C4D15-031B-4ACD-BED4-B0F8B9249230}"
EndProject
Project("{9A19103F-16F7-4668-BE54-9A1E7A4F7556}") = "LearningHub.Nhs.Migration", "WebAPI\MigrationTool\LearningHub.Nhs.Migration\LearningHub.Nhs.Migration.csproj", "{D12A6BFE-FD84-421F-B004-BFC5BFB794F9}"
EndProject
Project("{9A19103F-16F7-4668-BE54-9A1E7A4F7556}") = "LearningHub.Nhs.Migration.ConsoleApp", "WebAPI\MigrationTool\LearningHub.Nhs.Migration.ConsoleApp\LearningHub.Nhs.Migration.ConsoleApp.csproj", "{3BF864A0-14C7-4C60-BAD1-C7042BD6BC62}"
EndProject
Project("{9A19103F-16F7-4668-BE54-9A1E7A4F7556}") = "LearningHub.Nhs.Migration.Interface", "WebAPI\MigrationTool\LearningHub.Nhs.Migration.Interface\LearningHub.Nhs.Migration.Interface.csproj", "{9A10AD15-4F89-4CD9-AF82-A5995D28E100}"
EndProject
Project("{9A19103F-16F7-4668-BE54-9A1E7A4F7556}") = "LearningHub.Nhs.Migration.Models", "WebAPI\MigrationTool\LearningHub.Nhs.Migration.Models\LearningHub.Nhs.Migration.Models.csproj", "{F214FE6D-2837-4FFF-A333-D28FA07A729C}"
EndProject
Project("{00D1A9C2-B5F0-4AF3-8072-F6C62B433612}") = "LearningHub.Nhs.Migration.Staging.Database", "WebAPI\MigrationTool\LearningHub.Nhs.Migration.Staging.Database\LearningHub.Nhs.Migration.Staging.Database.sqlproj", "{ADA4EE61-DAC1-4512-8AE3-8C775F54BB14}"
EndProject
Project("{9A19103F-16F7-4668-BE54-9A1E7A4F7556}") = "LearningHub.Nhs.Migration.Staging.Repository", "WebAPI\MigrationTool\LearningHub.Nhs.Migration.Staging.Repository\LearningHub.Nhs.Migration.Staging.Repository.csproj", "{969DA405-3E50-4D34-A03C-64A199290A5E}"
EndProject
Project("{9A19103F-16F7-4668-BE54-9A1E7A4F7556}") = "LearningHub.Nhs.Migration.UnitTests", "WebAPI\MigrationTool\LearningHub.Nhs.Migration.UnitTests\LearningHub.Nhs.Migration.UnitTests.csproj", "{69FA1E9D-9EE3-4835-A64B-A5B8AF364DE3}"
EndProject
Project("{2150E333-8FDC-42A3-9474-1A3956D46DE8}") = "AdminUI", "AdminUI", "{9642BC19-BAE7-45A9-B4F2-8D7529786CDC}"
EndProject
Project("{9A19103F-16F7-4668-BE54-9A1E7A4F7556}") = "LearningHub.Nhs.AdminUI", "AdminUI\LearningHub.Nhs.AdminUI\LearningHub.Nhs.AdminUI.csproj", "{1C97A3C2-73E8-4AFF-92EF-F65B4899FADB}"
EndProject
Global
	GlobalSection(SolutionConfigurationPlatforms) = preSolution
		Debug|Any CPU = Debug|Any CPU
		Debug|x64 = Debug|x64
		Release|Any CPU = Release|Any CPU
		Release|x64 = Release|x64
	EndGlobalSection
	GlobalSection(ProjectConfigurationPlatforms) = postSolution
		{16BBF937-C1E9-4240-B56E-20E3E5FA2005}.Debug|Any CPU.ActiveCfg = Debug|x64
		{16BBF937-C1E9-4240-B56E-20E3E5FA2005}.Debug|Any CPU.Build.0 = Debug|x64
		{16BBF937-C1E9-4240-B56E-20E3E5FA2005}.Debug|x64.ActiveCfg = Debug|x64
		{16BBF937-C1E9-4240-B56E-20E3E5FA2005}.Debug|x64.Build.0 = Debug|x64
		{16BBF937-C1E9-4240-B56E-20E3E5FA2005}.Release|Any CPU.ActiveCfg = Release|x64
		{16BBF937-C1E9-4240-B56E-20E3E5FA2005}.Release|Any CPU.Build.0 = Release|x64
		{16BBF937-C1E9-4240-B56E-20E3E5FA2005}.Release|x64.ActiveCfg = Release|x64
		{16BBF937-C1E9-4240-B56E-20E3E5FA2005}.Release|x64.Build.0 = Release|x64
		{21F15E96-314F-4F39-822F-C2568CDC4A5A}.Debug|Any CPU.ActiveCfg = Debug|x64
		{21F15E96-314F-4F39-822F-C2568CDC4A5A}.Debug|Any CPU.Build.0 = Debug|x64
		{21F15E96-314F-4F39-822F-C2568CDC4A5A}.Debug|x64.ActiveCfg = Debug|x64
		{21F15E96-314F-4F39-822F-C2568CDC4A5A}.Debug|x64.Build.0 = Debug|x64
		{21F15E96-314F-4F39-822F-C2568CDC4A5A}.Release|Any CPU.ActiveCfg = Release|x64
		{21F15E96-314F-4F39-822F-C2568CDC4A5A}.Release|Any CPU.Build.0 = Release|x64
		{21F15E96-314F-4F39-822F-C2568CDC4A5A}.Release|x64.ActiveCfg = Release|x64
		{21F15E96-314F-4F39-822F-C2568CDC4A5A}.Release|x64.Build.0 = Release|x64
		{719833B9-EC79-48F2-9123-C4DF111AE9AA}.Debug|Any CPU.ActiveCfg = Debug|x64
		{719833B9-EC79-48F2-9123-C4DF111AE9AA}.Debug|Any CPU.Build.0 = Debug|x64
		{719833B9-EC79-48F2-9123-C4DF111AE9AA}.Debug|x64.ActiveCfg = Debug|x64
		{719833B9-EC79-48F2-9123-C4DF111AE9AA}.Debug|x64.Build.0 = Debug|x64
		{719833B9-EC79-48F2-9123-C4DF111AE9AA}.Release|Any CPU.ActiveCfg = Release|x64
		{719833B9-EC79-48F2-9123-C4DF111AE9AA}.Release|Any CPU.Build.0 = Release|x64
		{719833B9-EC79-48F2-9123-C4DF111AE9AA}.Release|x64.ActiveCfg = Release|x64
		{719833B9-EC79-48F2-9123-C4DF111AE9AA}.Release|x64.Build.0 = Release|x64
		{1374B0F0-F5F4-4E04-9742-F8CE429EEE2C}.Debug|Any CPU.ActiveCfg = Debug|x64
		{1374B0F0-F5F4-4E04-9742-F8CE429EEE2C}.Debug|Any CPU.Build.0 = Debug|x64
		{1374B0F0-F5F4-4E04-9742-F8CE429EEE2C}.Debug|x64.ActiveCfg = Debug|x64
		{1374B0F0-F5F4-4E04-9742-F8CE429EEE2C}.Debug|x64.Build.0 = Debug|x64
		{1374B0F0-F5F4-4E04-9742-F8CE429EEE2C}.Release|Any CPU.ActiveCfg = Release|x64
		{1374B0F0-F5F4-4E04-9742-F8CE429EEE2C}.Release|Any CPU.Build.0 = Release|x64
		{1374B0F0-F5F4-4E04-9742-F8CE429EEE2C}.Release|x64.ActiveCfg = Release|x64
		{1374B0F0-F5F4-4E04-9742-F8CE429EEE2C}.Release|x64.Build.0 = Release|x64
		{BF9E107F-3A4F-45B6-8C1D-E8B661768BE3}.Debug|Any CPU.ActiveCfg = Debug|Any CPU
		{BF9E107F-3A4F-45B6-8C1D-E8B661768BE3}.Debug|Any CPU.Build.0 = Debug|Any CPU
		{BF9E107F-3A4F-45B6-8C1D-E8B661768BE3}.Debug|Any CPU.Deploy.0 = Debug|Any CPU
		{BF9E107F-3A4F-45B6-8C1D-E8B661768BE3}.Debug|x64.ActiveCfg = Debug|Any CPU
		{BF9E107F-3A4F-45B6-8C1D-E8B661768BE3}.Debug|x64.Build.0 = Debug|Any CPU
		{BF9E107F-3A4F-45B6-8C1D-E8B661768BE3}.Debug|x64.Deploy.0 = Debug|Any CPU
		{BF9E107F-3A4F-45B6-8C1D-E8B661768BE3}.Release|Any CPU.ActiveCfg = Release|Any CPU
		{BF9E107F-3A4F-45B6-8C1D-E8B661768BE3}.Release|Any CPU.Build.0 = Release|Any CPU
		{BF9E107F-3A4F-45B6-8C1D-E8B661768BE3}.Release|Any CPU.Deploy.0 = Release|Any CPU
		{BF9E107F-3A4F-45B6-8C1D-E8B661768BE3}.Release|x64.ActiveCfg = Release|Any CPU
		{BF9E107F-3A4F-45B6-8C1D-E8B661768BE3}.Release|x64.Build.0 = Release|Any CPU
		{BF9E107F-3A4F-45B6-8C1D-E8B661768BE3}.Release|x64.Deploy.0 = Release|Any CPU
		{F7F87EC1-6DD5-4A40-9219-9216239C8B88}.Debug|Any CPU.ActiveCfg = Debug|x64
		{F7F87EC1-6DD5-4A40-9219-9216239C8B88}.Debug|Any CPU.Build.0 = Debug|x64
		{F7F87EC1-6DD5-4A40-9219-9216239C8B88}.Debug|x64.ActiveCfg = Debug|x64
		{F7F87EC1-6DD5-4A40-9219-9216239C8B88}.Debug|x64.Build.0 = Debug|x64
		{F7F87EC1-6DD5-4A40-9219-9216239C8B88}.Release|Any CPU.ActiveCfg = Release|x64
		{F7F87EC1-6DD5-4A40-9219-9216239C8B88}.Release|Any CPU.Build.0 = Release|x64
		{F7F87EC1-6DD5-4A40-9219-9216239C8B88}.Release|x64.ActiveCfg = Release|x64
		{F7F87EC1-6DD5-4A40-9219-9216239C8B88}.Release|x64.Build.0 = Release|x64
		{ACB8C8D7-F1CB-4C24-9F41-1C78A02E2471}.Debug|Any CPU.ActiveCfg = Debug|x64
		{ACB8C8D7-F1CB-4C24-9F41-1C78A02E2471}.Debug|Any CPU.Build.0 = Debug|x64
		{ACB8C8D7-F1CB-4C24-9F41-1C78A02E2471}.Debug|x64.ActiveCfg = Debug|x64
		{ACB8C8D7-F1CB-4C24-9F41-1C78A02E2471}.Debug|x64.Build.0 = Debug|x64
		{ACB8C8D7-F1CB-4C24-9F41-1C78A02E2471}.Release|Any CPU.ActiveCfg = Release|x64
		{ACB8C8D7-F1CB-4C24-9F41-1C78A02E2471}.Release|Any CPU.Build.0 = Release|x64
		{ACB8C8D7-F1CB-4C24-9F41-1C78A02E2471}.Release|x64.ActiveCfg = Release|x64
		{ACB8C8D7-F1CB-4C24-9F41-1C78A02E2471}.Release|x64.Build.0 = Release|x64
		{BCEE3243-4CBF-4090-8BDA-68B0F85906A8}.Debug|Any CPU.ActiveCfg = Debug|x64
		{BCEE3243-4CBF-4090-8BDA-68B0F85906A8}.Debug|Any CPU.Build.0 = Debug|x64
		{BCEE3243-4CBF-4090-8BDA-68B0F85906A8}.Debug|x64.ActiveCfg = Debug|x64
		{BCEE3243-4CBF-4090-8BDA-68B0F85906A8}.Debug|x64.Build.0 = Debug|x64
		{BCEE3243-4CBF-4090-8BDA-68B0F85906A8}.Release|Any CPU.ActiveCfg = Release|x64
		{BCEE3243-4CBF-4090-8BDA-68B0F85906A8}.Release|Any CPU.Build.0 = Release|x64
		{BCEE3243-4CBF-4090-8BDA-68B0F85906A8}.Release|x64.ActiveCfg = Release|x64
		{BCEE3243-4CBF-4090-8BDA-68B0F85906A8}.Release|x64.Build.0 = Release|x64
		{867BB50C-8D49-4676-A62D-BB3732BD3960}.Debug|Any CPU.ActiveCfg = Debug|x64
		{867BB50C-8D49-4676-A62D-BB3732BD3960}.Debug|Any CPU.Build.0 = Debug|x64
		{867BB50C-8D49-4676-A62D-BB3732BD3960}.Debug|x64.ActiveCfg = Debug|x64
		{867BB50C-8D49-4676-A62D-BB3732BD3960}.Debug|x64.Build.0 = Debug|x64
		{867BB50C-8D49-4676-A62D-BB3732BD3960}.Release|Any CPU.ActiveCfg = Release|x64
		{867BB50C-8D49-4676-A62D-BB3732BD3960}.Release|Any CPU.Build.0 = Release|x64
		{867BB50C-8D49-4676-A62D-BB3732BD3960}.Release|x64.ActiveCfg = Release|x64
		{867BB50C-8D49-4676-A62D-BB3732BD3960}.Release|x64.Build.0 = Release|x64
		{3D1C4D15-031B-4ACD-BED4-B0F8B9249230}.Debug|Any CPU.ActiveCfg = Debug|x64
		{3D1C4D15-031B-4ACD-BED4-B0F8B9249230}.Debug|Any CPU.Build.0 = Debug|x64
		{3D1C4D15-031B-4ACD-BED4-B0F8B9249230}.Debug|x64.ActiveCfg = Debug|x64
		{3D1C4D15-031B-4ACD-BED4-B0F8B9249230}.Debug|x64.Build.0 = Debug|x64
		{3D1C4D15-031B-4ACD-BED4-B0F8B9249230}.Release|Any CPU.ActiveCfg = Release|x64
		{3D1C4D15-031B-4ACD-BED4-B0F8B9249230}.Release|Any CPU.Build.0 = Release|x64
		{3D1C4D15-031B-4ACD-BED4-B0F8B9249230}.Release|x64.ActiveCfg = Release|x64
		{3D1C4D15-031B-4ACD-BED4-B0F8B9249230}.Release|x64.Build.0 = Release|x64
		{D12A6BFE-FD84-421F-B004-BFC5BFB794F9}.Debug|Any CPU.ActiveCfg = Debug|x64
		{D12A6BFE-FD84-421F-B004-BFC5BFB794F9}.Debug|Any CPU.Build.0 = Debug|x64
		{D12A6BFE-FD84-421F-B004-BFC5BFB794F9}.Debug|x64.ActiveCfg = Debug|x64
		{D12A6BFE-FD84-421F-B004-BFC5BFB794F9}.Debug|x64.Build.0 = Debug|x64
		{D12A6BFE-FD84-421F-B004-BFC5BFB794F9}.Release|Any CPU.ActiveCfg = Release|x64
		{D12A6BFE-FD84-421F-B004-BFC5BFB794F9}.Release|Any CPU.Build.0 = Release|x64
		{D12A6BFE-FD84-421F-B004-BFC5BFB794F9}.Release|x64.ActiveCfg = Release|x64
		{D12A6BFE-FD84-421F-B004-BFC5BFB794F9}.Release|x64.Build.0 = Release|x64
		{3BF864A0-14C7-4C60-BAD1-C7042BD6BC62}.Debug|Any CPU.ActiveCfg = Debug|x64
		{3BF864A0-14C7-4C60-BAD1-C7042BD6BC62}.Debug|Any CPU.Build.0 = Debug|x64
		{3BF864A0-14C7-4C60-BAD1-C7042BD6BC62}.Debug|x64.ActiveCfg = Debug|x64
		{3BF864A0-14C7-4C60-BAD1-C7042BD6BC62}.Debug|x64.Build.0 = Debug|x64
		{3BF864A0-14C7-4C60-BAD1-C7042BD6BC62}.Release|Any CPU.ActiveCfg = Release|x64
		{3BF864A0-14C7-4C60-BAD1-C7042BD6BC62}.Release|Any CPU.Build.0 = Release|x64
		{3BF864A0-14C7-4C60-BAD1-C7042BD6BC62}.Release|x64.ActiveCfg = Release|x64
		{3BF864A0-14C7-4C60-BAD1-C7042BD6BC62}.Release|x64.Build.0 = Release|x64
		{9A10AD15-4F89-4CD9-AF82-A5995D28E100}.Debug|Any CPU.ActiveCfg = Debug|x64
		{9A10AD15-4F89-4CD9-AF82-A5995D28E100}.Debug|Any CPU.Build.0 = Debug|x64
		{9A10AD15-4F89-4CD9-AF82-A5995D28E100}.Debug|x64.ActiveCfg = Debug|x64
		{9A10AD15-4F89-4CD9-AF82-A5995D28E100}.Debug|x64.Build.0 = Debug|x64
		{9A10AD15-4F89-4CD9-AF82-A5995D28E100}.Release|Any CPU.ActiveCfg = Release|x64
		{9A10AD15-4F89-4CD9-AF82-A5995D28E100}.Release|Any CPU.Build.0 = Release|x64
		{9A10AD15-4F89-4CD9-AF82-A5995D28E100}.Release|x64.ActiveCfg = Release|x64
		{9A10AD15-4F89-4CD9-AF82-A5995D28E100}.Release|x64.Build.0 = Release|x64
		{F214FE6D-2837-4FFF-A333-D28FA07A729C}.Debug|Any CPU.ActiveCfg = Debug|x64
		{F214FE6D-2837-4FFF-A333-D28FA07A729C}.Debug|Any CPU.Build.0 = Debug|x64
		{F214FE6D-2837-4FFF-A333-D28FA07A729C}.Debug|x64.ActiveCfg = Debug|x64
		{F214FE6D-2837-4FFF-A333-D28FA07A729C}.Debug|x64.Build.0 = Debug|x64
		{F214FE6D-2837-4FFF-A333-D28FA07A729C}.Release|Any CPU.ActiveCfg = Release|x64
		{F214FE6D-2837-4FFF-A333-D28FA07A729C}.Release|Any CPU.Build.0 = Release|x64
		{F214FE6D-2837-4FFF-A333-D28FA07A729C}.Release|x64.ActiveCfg = Release|x64
		{F214FE6D-2837-4FFF-A333-D28FA07A729C}.Release|x64.Build.0 = Release|x64
		{ADA4EE61-DAC1-4512-8AE3-8C775F54BB14}.Debug|Any CPU.ActiveCfg = Debug|Any CPU
		{ADA4EE61-DAC1-4512-8AE3-8C775F54BB14}.Debug|Any CPU.Build.0 = Debug|Any CPU
		{ADA4EE61-DAC1-4512-8AE3-8C775F54BB14}.Debug|Any CPU.Deploy.0 = Debug|Any CPU
		{ADA4EE61-DAC1-4512-8AE3-8C775F54BB14}.Debug|x64.ActiveCfg = Debug|Any CPU
		{ADA4EE61-DAC1-4512-8AE3-8C775F54BB14}.Debug|x64.Build.0 = Debug|Any CPU
		{ADA4EE61-DAC1-4512-8AE3-8C775F54BB14}.Debug|x64.Deploy.0 = Debug|Any CPU
		{ADA4EE61-DAC1-4512-8AE3-8C775F54BB14}.Release|Any CPU.ActiveCfg = Release|Any CPU
		{ADA4EE61-DAC1-4512-8AE3-8C775F54BB14}.Release|Any CPU.Build.0 = Release|Any CPU
		{ADA4EE61-DAC1-4512-8AE3-8C775F54BB14}.Release|Any CPU.Deploy.0 = Release|Any CPU
		{ADA4EE61-DAC1-4512-8AE3-8C775F54BB14}.Release|x64.ActiveCfg = Release|Any CPU
		{ADA4EE61-DAC1-4512-8AE3-8C775F54BB14}.Release|x64.Build.0 = Release|Any CPU
		{ADA4EE61-DAC1-4512-8AE3-8C775F54BB14}.Release|x64.Deploy.0 = Release|Any CPU
		{969DA405-3E50-4D34-A03C-64A199290A5E}.Debug|Any CPU.ActiveCfg = Debug|x64
		{969DA405-3E50-4D34-A03C-64A199290A5E}.Debug|Any CPU.Build.0 = Debug|x64
		{969DA405-3E50-4D34-A03C-64A199290A5E}.Debug|x64.ActiveCfg = Debug|x64
		{969DA405-3E50-4D34-A03C-64A199290A5E}.Debug|x64.Build.0 = Debug|x64
		{969DA405-3E50-4D34-A03C-64A199290A5E}.Release|Any CPU.ActiveCfg = Release|x64
		{969DA405-3E50-4D34-A03C-64A199290A5E}.Release|Any CPU.Build.0 = Release|x64
		{969DA405-3E50-4D34-A03C-64A199290A5E}.Release|x64.ActiveCfg = Release|x64
		{969DA405-3E50-4D34-A03C-64A199290A5E}.Release|x64.Build.0 = Release|x64
		{69FA1E9D-9EE3-4835-A64B-A5B8AF364DE3}.Debug|Any CPU.ActiveCfg = Debug|x64
		{69FA1E9D-9EE3-4835-A64B-A5B8AF364DE3}.Debug|Any CPU.Build.0 = Debug|x64
		{69FA1E9D-9EE3-4835-A64B-A5B8AF364DE3}.Debug|x64.ActiveCfg = Debug|x64
		{69FA1E9D-9EE3-4835-A64B-A5B8AF364DE3}.Debug|x64.Build.0 = Debug|x64
		{69FA1E9D-9EE3-4835-A64B-A5B8AF364DE3}.Release|Any CPU.ActiveCfg = Release|x64
		{69FA1E9D-9EE3-4835-A64B-A5B8AF364DE3}.Release|Any CPU.Build.0 = Release|x64
		{69FA1E9D-9EE3-4835-A64B-A5B8AF364DE3}.Release|x64.ActiveCfg = Release|x64
		{69FA1E9D-9EE3-4835-A64B-A5B8AF364DE3}.Release|x64.Build.0 = Release|x64
		{1C97A3C2-73E8-4AFF-92EF-F65B4899FADB}.Debug|Any CPU.ActiveCfg = Debug|x64
		{1C97A3C2-73E8-4AFF-92EF-F65B4899FADB}.Debug|Any CPU.Build.0 = Debug|x64
		{1C97A3C2-73E8-4AFF-92EF-F65B4899FADB}.Debug|x64.ActiveCfg = Debug|x64
		{1C97A3C2-73E8-4AFF-92EF-F65B4899FADB}.Debug|x64.Build.0 = Debug|x64
		{1C97A3C2-73E8-4AFF-92EF-F65B4899FADB}.Release|Any CPU.ActiveCfg = Release|x64
		{1C97A3C2-73E8-4AFF-92EF-F65B4899FADB}.Release|Any CPU.Build.0 = Release|x64
		{1C97A3C2-73E8-4AFF-92EF-F65B4899FADB}.Release|x64.ActiveCfg = Release|x64
		{1C97A3C2-73E8-4AFF-92EF-F65B4899FADB}.Release|x64.Build.0 = Release|x64
	EndGlobalSection
	GlobalSection(SolutionProperties) = preSolution
		HideSolutionNode = FALSE
	EndGlobalSection
	GlobalSection(NestedProjects) = preSolution
		{94676CCE-A38B-4FAF-905E-CE85CE95845E} = {A5FB4292-2736-4829-8E53-E5E5EC5A1D49}
		{21F15E96-314F-4F39-822F-C2568CDC4A5A} = {A5FB4292-2736-4829-8E53-E5E5EC5A1D49}
		{719833B9-EC79-48F2-9123-C4DF111AE9AA} = {A5FB4292-2736-4829-8E53-E5E5EC5A1D49}
		{1374B0F0-F5F4-4E04-9742-F8CE429EEE2C} = {A5FB4292-2736-4829-8E53-E5E5EC5A1D49}
		{BF9E107F-3A4F-45B6-8C1D-E8B661768BE3} = {A5FB4292-2736-4829-8E53-E5E5EC5A1D49}
		{F7F87EC1-6DD5-4A40-9219-9216239C8B88} = {A5FB4292-2736-4829-8E53-E5E5EC5A1D49}
		{ACB8C8D7-F1CB-4C24-9F41-1C78A02E2471} = {A5FB4292-2736-4829-8E53-E5E5EC5A1D49}
		{BCEE3243-4CBF-4090-8BDA-68B0F85906A8} = {A5FB4292-2736-4829-8E53-E5E5EC5A1D49}
		{867BB50C-8D49-4676-A62D-BB3732BD3960} = {A5FB4292-2736-4829-8E53-E5E5EC5A1D49}
		{3D1C4D15-031B-4ACD-BED4-B0F8B9249230} = {A5FB4292-2736-4829-8E53-E5E5EC5A1D49}
		{D12A6BFE-FD84-421F-B004-BFC5BFB794F9} = {94676CCE-A38B-4FAF-905E-CE85CE95845E}
		{3BF864A0-14C7-4C60-BAD1-C7042BD6BC62} = {94676CCE-A38B-4FAF-905E-CE85CE95845E}
		{9A10AD15-4F89-4CD9-AF82-A5995D28E100} = {94676CCE-A38B-4FAF-905E-CE85CE95845E}
		{F214FE6D-2837-4FFF-A333-D28FA07A729C} = {94676CCE-A38B-4FAF-905E-CE85CE95845E}
		{ADA4EE61-DAC1-4512-8AE3-8C775F54BB14} = {94676CCE-A38B-4FAF-905E-CE85CE95845E}
		{969DA405-3E50-4D34-A03C-64A199290A5E} = {94676CCE-A38B-4FAF-905E-CE85CE95845E}
		{69FA1E9D-9EE3-4835-A64B-A5B8AF364DE3} = {94676CCE-A38B-4FAF-905E-CE85CE95845E}
		{1C97A3C2-73E8-4AFF-92EF-F65B4899FADB} = {9642BC19-BAE7-45A9-B4F2-8D7529786CDC}
	EndGlobalSection
	GlobalSection(ExtensibilityGlobals) = postSolution
		SolutionGuid = {1ECA38C8-7C69-4DE6-8293-852C603F4217}
	EndGlobalSection
EndGlobal
